dependencies:
- name: postgresql
  repository: https://charts.bitnami.com/bitnami
  version: 15.5.38
- name: kafka
  repository: https://charts.bitnami.com/bitnami
  version: 26.11.4
- name: redis
  repository: https://charts.bitnami.com/bitnami
  version: 18.19.4
- name: rabbitmq
  repository: https://charts.bitnami.com/bitnami
  version: 13.0.3
- name: traefik
  repository: https://helm.traefik.io/traefik
  version: 25.0.0
digest: sha256:8b39ceab40a4ede70f92f3e2c15d91e98f423142cb2a9f463a90483821efb72d
generated: "2026-03-02T15:48:41.460634017+02:00"
